{
  "name": "bevoga",
  "lockfileVersion": 2,
  "requires": true,
  "packages": {
    "": {
      "dependencies": {
        "dotenv": "^16.0.3"
      },
      "devDependencies": {
        "@beyonk/gdpr-cookie-consent-banner": "^9.1.1"
      }
    },
    "node_modules/@beyonk/gdpr-cookie-consent-banner": {
      "version": "9.1.1",
      "resolved": "https://registry.npmjs.org/@beyonk/gdpr-cookie-consent-banner/-/gdpr-cookie-consent-banner-9.1.1.tgz",
      "integrity": "sha512-l3ltb21B1isHzu9LOoPNiyqtWUoz3oRspzeAgSFJsK9rOBa5U7sWv0PbXJS8EenAh4aBsQiCagCTUyPJtNw9lQ==",
      "dev": true,
      "dependencies": {
        "js-cookie": "^3.0.1"
      }
    },
    "node_modules/dotenv": {
      "version": "16.0.3",
      "resolved": "https://registry.npmjs.org/dotenv/-/dotenv-16.0.3.tgz",
      "integrity": "sha512-7GO6HghkA5fYG9TYnNxi14/7K9f5occMlp3zXAuSxn7CKCxt9xbNWG7yF8hTCSUchlfWSe3uLmlPfigevRItzQ==",
      "engines": {
        "node": ">=12"
      }
    },
    "node_modules/js-cookie": {
      "version": "3.0.1",
      "resolved": "https://registry.npmjs.org/js-cookie/-/js-cookie-3.0.1.tgz",
      "integrity": "sha512-+0rgsUXZu4ncpPxRL+lNEptWMOWl9etvPHc/koSRp6MPwpRYAhmk0dUG00J4bxVV3r9uUzfo24wW0knS07SKSw==",
      "dev": true,
      "engines": {
        "node": ">=12"
      }
    }
  },
  "dependencies": {
    "@beyonk/gdpr-cookie-consent-banner": {
      "version": "9.1.1",
      "resolved": "https://registry.npmjs.org/@beyonk/gdpr-cookie-consent-banner/-/gdpr-cookie-consent-banner-9.1.1.tgz",
      "integrity": "sha512-l3ltb21B1isHzu9LOoPNiyqtWUoz3oRspzeAgSFJsK9rOBa5U7sWv0PbXJS8EenAh4aBsQiCagCTUyPJtNw9lQ==",
      "dev": true,
      "requires": {
        "js-cookie": "^3.0.1"
      }
    },
    "dotenv": {
      "version": "16.0.3",
      "resolved": "https://registry.npmjs.org/dotenv/-/dotenv-16.0.3.tgz",
      "integrity": "sha512-7GO6HghkA5fYG9TYnNxi14/7K9f5occMlp3zXAuSxn7CKCxt9xbNWG7yF8hTCSUchlfWSe3uLmlPfigevRItzQ=="
    },
    "js-cookie": {
      "version": "3.0.1",
      "resolved": "https://registry.npmjs.org/js-cookie/-/js-cookie-3.0.1.tgz",
      "integrity": "sha512-+0rgsUXZu4ncpPxRL+lNEptWMOWl9etvPHc/koSRp6MPwpRYAhmk0dUG00J4bxVV3r9uUzfo24wW0knS07SKSw==",
      "dev": true
    }
  }
}
